{
  "version": 4,
  "terraform_version": "0.15.1",
  "serial": 156,
  "lineage": "5828e76f-ee92-80ce-6f13-8e6b334ab2f4",
  "outputs": {
    "wireguard_keys": {
      "value": {
        "private": "+CAf8QxmjoV5N3WK29GXDV1OyhbtEBadukpCoLuMzV8=",
        "public": "s49uZLKmXJ9JDkbUuJGeb70STlzvksJ6KLc0qLKhOHk="
      },
      "type": [
        "object",
        {
          "private": "string",
          "public": "string"
        }
      ],
      "sensitive": true
    },
    "wireguard_server_endpoint": {
      "value": "3.66.243.130:51820",
      "type": "string"
    }
  },
  "resources": [
    {
      "mode": "managed",
      "type": "null_resource",
      "name": "remote_exec",
      "provider": "provider[\"registry.terraform.io/hashicorp/null\"]",
      "instances": [
        {
          "schema_version": 0,
          "attributes": {
            "id": "6225083072720131857",
            "triggers": {
              "key": "c0f8ce27-10fe-fbf4-6fd9-6de35f935280"
            }
          },
          "sensitive_attributes": [],
          "private": "bnVsbA==",
          "dependencies": [
            "module.key_pair.aws_key_pair.this",
            "module.sg.aws_security_group.this",
            "module.sg.aws_security_group.this_name_prefix",
            "module.vpc.aws_subnet.public",
            "module.wg.aws_autoscaling_group.this",
            "module.wg.aws_eip.this",
            "module.wg.aws_launch_template.launch_template",
            "module.wg.aws_network_interface.this",
            "module.wg.aws_ssm_parameter.this",
            "module.wg.data.aws_ami.ami",
            "module.wg.data.aws_iam_policy_document.this",
            "module.wg.data.aws_subnet.this",
            "module.wg.module.iam_assumable_role.aws_iam_instance_profile.this",
            "module.wg.module.iam_assumable_role.aws_iam_role.this",
            "module.wg.module.iam_assumable_role.aws_iam_role_policy_attachment.admin",
            "module.wg.module.iam_assumable_role.aws_iam_role_policy_attachment.custom",
            "module.wg.module.iam_assumable_role.aws_iam_role_policy_attachment.poweruser",
            "module.wg.module.iam_assumable_role.aws_iam_role_policy_attachment.readonly",
            "module.wg.module.iam_assumable_role.data.aws_iam_policy_document.assume_role",
            "module.wg.module.iam_assumable_role.data.aws_iam_policy_document.assume_role_with_mfa",
            "module.wg.module.iam_policy.aws_iam_policy.policy",
            "module.wg.random_pet.this",
            "wireguard_asymmetric_key.wg_key_pair"
          ]
        }
      ]
    },
    {
      "mode": "managed",
      "type": "wireguard_asymmetric_key",
      "name": "wg_key_pair",
      "provider": "provider[\"registry.terraform.io/ojford/wireguard\"]",
      "instances": [
        {
          "schema_version": 0,
          "attributes": {
            "bind": null,
            "id": "s49uZLKmXJ9JDkbUuJGeb70STlzvksJ6KLc0qLKhOHk=",
            "private_key": "+CAf8QxmjoV5N3WK29GXDV1OyhbtEBadukpCoLuMzV8=",
            "public_key": "s49uZLKmXJ9JDkbUuJGeb70STlzvksJ6KLc0qLKhOHk="
          },
          "sensitive_attributes": [],
          "private": "bnVsbA==",
          "create_before_destroy": true
        }
      ]
    },
    {
      "module": "module.key_pair",
      "mode": "managed",
      "type": "aws_key_pair",
      "name": "this",
      "provider": "provider[\"registry.terraform.io/hashicorp/aws\"]",
      "instances": [
        {
          "index_key": 0,
          "schema_version": 1,
          "attributes": {
            "arn": "arn:aws:ec2:eu-central-1:099039928022:key-pair/deployer-one",
            "fingerprint": "fb:a7:9f:73:06:19:1c:f8:5c:ee:01:79:11:f6:cb:a0",
            "id": "deployer-one",
            "key_name": "deployer-one",
            "key_name_prefix": null,
            "key_pair_id": "key-051c59210456a39c0",
            "public_key": "ssh-rsa AAAAB3NzaC1yc2EAAAADAQABAAACAQDyQd3GtSqa9baNUZyrTN8pWBxV5wHEUoHxeE1z5Yi66szMbT1tRjt/vOMLpHFzyb3Zbn0mdDGvcyrJocS0lP00ZQKTJi5e5WnVPaeGKU9nAy09aV33NsmuIi3y4jNExft4KXBUM6dfMWVu4oBWPL4kCuHqtupzYmlnoGHheq2xbaoqAVQAEJs3ulmKbXxoqzIua5J0A1qo60UYQrLqjlVOV1qLXMcpJtshcGeDb9myZAttamNmFM5AMLZProMY8A3yO/V3aQtCoBzl4xdtlCEQpzlBJOr85lbGTyEh63NqEyW980D65AJHXuwrjJq9UJ8jNcX8VIyC9U6kiQsVwZAZFr9Q6h0E5z/l283yk3vdNTOJu6WR3Hsu7YCKU2+T7QcP31Qdc8bCwbOOF5UqCDcvDn1P+ip5o9j+sGv/u3k6bzIQWo8QKJOaoBiTKzhnSUfJhLuPWPNFylx69TgDaCd20ejwm4DSre+WSitPhS86tdCN2zo/6YupDArvzvwC4Ll9PeVNz9a8wE2kTOfcPd8pkb8rNRSiDyPTYnZ/iYlQre4z/w+NNH7ZVaVzCytsinWQer0jnSV1ogxm8ZTWnkLckt/demAOUzT/y6dhjrjcaxhcpm84WohCHxcMWudSDzsuS/qDxXevjLKp2YP/QzmW8quGu75iHYkq1pgkYRyJ4Q== alex@Alexs-MacBook-Pro.local",
            "tags": {}
          },
          "sensitive_attributes": [],
          "private": "eyJzY2hlbWFfdmVyc2lvbiI6IjEifQ==",
          "create_before_destroy": true
        }
      ]
    },
    {
      "module": "module.sg",
      "mode": "managed",
      "type": "aws_security_group",
      "name": "this_name_prefix",
      "provider": "provider[\"registry.terraform.io/hashicorp/aws\"]",
      "instances": [
        {
          "index_key": 0,
          "schema_version": 1,
          "attributes": {
            "arn": "arn:aws:ec2:eu-central-1:099039928022:security-group/sg-09463c0fa6beb9d13",
            "description": "Security group for WireGuard",
            "egress": [
              {
                "cidr_blocks": [
                  "0.0.0.0/0"
                ],
                "description": "Egress Rule",
                "from_port": 0,
                "ipv6_cidr_blocks": [],
                "prefix_list_ids": [],
                "protocol": "-1",
                "security_groups": [],
                "self": false,
                "to_port": 0
              }
            ],
            "id": "sg-09463c0fa6beb9d13",
            "ingress": [
              {
                "cidr_blocks": [
                  "0.0.0.0/0"
                ],
                "description": "",
                "from_port": -1,
                "ipv6_cidr_blocks": [],
                "prefix_list_ids": [],
                "protocol": "icmp",
                "security_groups": [],
                "self": false,
                "to_port": -1
              },
              {
                "cidr_blocks": [
                  "0.0.0.0/0"
                ],
                "description": "WireGuard",
                "from_port": 51820,
                "ipv6_cidr_blocks": [],
                "prefix_list_ids": [],
                "protocol": "udp",
                "security_groups": [],
                "self": false,
                "to_port": 51820
              },
              {
                "cidr_blocks": [
                  "0.0.0.0/0"
                ],
                "description": "ssh",
                "from_port": 22,
                "ipv6_cidr_blocks": [],
                "prefix_list_ids": [],
                "protocol": "tcp",
                "security_groups": [],
                "self": false,
                "to_port": 22
              }
            ],
            "name": "WireGuard-20210426113113172500000001",
            "name_prefix": "WireGuard-",
            "owner_id": "099039928022",
            "revoke_rules_on_delete": false,
            "tags": {
              "Name": "WireGuard"
            },
            "timeouts": null,
            "vpc_id": "vpc-0b881b8aad7ab7d92"
          },
          "sensitive_attributes": [],
          "private": "eyJlMmJmYjczMC1lY2FhLTExZTYtOGY4OC0zNDM2M2JjN2M0YzAiOnsiY3JlYXRlIjo2MDAwMDAwMDAwMDAsImRlbGV0ZSI6OTAwMDAwMDAwMDAwfSwic2NoZW1hX3ZlcnNpb24iOiIxIn0=",
          "dependencies": [
            "module.vpc.aws_vpc.this"
          ],
          "create_before_destroy": true
        }
      ]
    },
    {
      "module": "module.sg",
      "mode": "managed",
      "type": "aws_security_group_rule",
      "name": "egress_with_cidr_blocks",
      "provider": "provider[\"registry.terraform.io/hashicorp/aws\"]",
      "instances": [
        {
          "index_key": 0,
          "schema_version": 2,
          "attributes": {
            "cidr_blocks": [
              "0.0.0.0/0"
            ],
            "description": "Egress Rule",
            "from_port": 0,
            "id": "sgrule-507594234",
            "ipv6_cidr_blocks": [],
            "prefix_list_ids": [],
            "protocol": "-1",
            "security_group_id": "sg-09463c0fa6beb9d13",
            "self": false,
            "source_security_group_id": null,
            "to_port": 0,
            "type": "egress"
          },
          "sensitive_attributes": [],
          "private": "eyJzY2hlbWFfdmVyc2lvbiI6IjIifQ==",
          "dependencies": [
            "module.sg.aws_security_group.this",
            "module.sg.aws_security_group.this_name_prefix",
            "module.vpc.aws_vpc.this"
          ]
        }
      ]
    },
    {
      "module": "module.sg",
      "mode": "managed",
      "type": "aws_security_group_rule",
      "name": "ingress_with_cidr_blocks",
      "provider": "provider[\"registry.terraform.io/hashicorp/aws\"]",
      "instances": [
        {
          "index_key": 0,
          "schema_version": 2,
          "attributes": {
            "cidr_blocks": [
              "0.0.0.0/0"
            ],
            "description": "WireGuard",
            "from_port": 51820,
            "id": "sgrule-3050984926",
            "ipv6_cidr_blocks": [],
            "prefix_list_ids": [],
            "protocol": "udp",
            "security_group_id": "sg-09463c0fa6beb9d13",
            "self": false,
            "source_security_group_id": null,
            "to_port": 51820,
            "type": "ingress"
          },
          "sensitive_attributes": [],
          "private": "eyJzY2hlbWFfdmVyc2lvbiI6IjIifQ==",
          "dependencies": [
            "module.sg.aws_security_group.this",
            "module.sg.aws_security_group.this_name_prefix",
            "module.vpc.aws_vpc.this"
          ]
        },
        {
          "index_key": 1,
          "schema_version": 2,
          "attributes": {
            "cidr_blocks": [
              "0.0.0.0/0"
            ],
            "description": "ssh",
            "from_port": 22,
            "id": "sgrule-772127736",
            "ipv6_cidr_blocks": [],
            "prefix_list_ids": [],
            "protocol": "tcp",
            "security_group_id": "sg-09463c0fa6beb9d13",
            "self": false,
            "source_security_group_id": null,
            "to_port": 22,
            "type": "ingress"
          },
          "sensitive_attributes": [],
          "private": "eyJzY2hlbWFfdmVyc2lvbiI6IjIifQ==",
          "dependencies": [
            "module.sg.aws_security_group.this",
            "module.sg.aws_security_group.this_name_prefix",
            "module.vpc.aws_vpc.this"
          ]
        }
      ]
    },
    {
      "module": "module.vpc",
      "mode": "managed",
      "type": "aws_internet_gateway",
      "name": "this",
      "provider": "provider[\"registry.terraform.io/hashicorp/aws\"]",
      "instances": [
        {
          "index_key": 0,
          "schema_version": 0,
          "attributes": {
            "arn": "arn:aws:ec2:eu-central-1:099039928022:internet-gateway/igw-0a4fe23dd5ba0ab1c",
            "id": "igw-0a4fe23dd5ba0ab1c",
            "owner_id": "099039928022",
            "tags": {
              "Description": "Test VPC for WireGuard",
              "Name": "Test-VPC-for-WireGuard",
              "Terraform": "true"
            },
            "vpc_id": "vpc-0b881b8aad7ab7d92"
          },
          "sensitive_attributes": [],
          "private": "bnVsbA==",
          "dependencies": [
            "module.vpc.aws_vpc_ipv4_cidr_block_association.this",
            "module.vpc.aws_vpc.this"
          ]
        }
      ]
    },
    {
      "module": "module.vpc",
      "mode": "managed",
      "type": "aws_route",
      "name": "public_internet_gateway",
      "provider": "provider[\"registry.terraform.io/hashicorp/aws\"]",
      "instances": [
        {
          "index_key": 0,
          "schema_version": 0,
          "attributes": {
            "carrier_gateway_id": "",
            "destination_cidr_block": "0.0.0.0/0",
            "destination_ipv6_cidr_block": "",
            "destination_prefix_list_id": "",
            "egress_only_gateway_id": "",
            "gateway_id": "igw-0a4fe23dd5ba0ab1c",
            "id": "r-rtb-0a6e33ed3889791431080289494",
            "instance_id": "",
            "instance_owner_id": "",
            "local_gateway_id": "",
            "nat_gateway_id": "",
            "network_interface_id": "",
            "origin": "CreateRoute",
            "route_table_id": "rtb-0a6e33ed388979143",
            "state": "active",
            "timeouts": {
              "create": "5m",
              "delete": null
            },
            "transit_gateway_id": "",
            "vpc_endpoint_id": "",
            "vpc_peering_connection_id": ""
          },
          "sensitive_attributes": [],
          "private": "eyJlMmJmYjczMC1lY2FhLTExZTYtOGY4OC0zNDM2M2JjN2M0YzAiOnsiY3JlYXRlIjozMDAwMDAwMDAwMDAsImRlbGV0ZSI6MzAwMDAwMDAwMDAwfX0=",
          "dependencies": [
            "module.vpc.aws_vpc_ipv4_cidr_block_association.this",
            "module.vpc.aws_internet_gateway.this",
            "module.vpc.aws_route_table.public",
            "module.vpc.aws_vpc.this"
          ]
        }
      ]
    },
    {
      "module": "module.vpc",
      "mode": "managed",
      "type": "aws_route_table",
      "name": "private",
      "provider": "provider[\"registry.terraform.io/hashicorp/aws\"]",
      "instances": [
        {
          "index_key": 0,
          "schema_version": 0,
          "attributes": {
            "arn": "arn:aws:ec2:eu-central-1:099039928022:route-table/rtb-0efcac8ebfe9bbc9f",
            "id": "rtb-0efcac8ebfe9bbc9f",
            "owner_id": "099039928022",
            "propagating_vgws": [],
            "route": [],
            "tags": {
              "Description": "Test VPC for WireGuard",
              "Name": "Test-VPC-for-WireGuard-private-eu-central-1a",
              "Terraform": "true"
            },
            "vpc_id": "vpc-0b881b8aad7ab7d92"
          },
          "sensitive_attributes": [],
          "private": "bnVsbA==",
          "dependencies": [
            "module.vpc.aws_vpc.this",
            "module.vpc.aws_vpc_ipv4_cidr_block_association.this"
          ]
        },
        {
          "index_key": 1,
          "schema_version": 0,
          "attributes": {
            "arn": "arn:aws:ec2:eu-central-1:099039928022:route-table/rtb-06989cf37dcf980eb",
            "id": "rtb-06989cf37dcf980eb",
            "owner_id": "099039928022",
            "propagating_vgws": [],
            "route": [],
            "tags": {
              "Description": "Test VPC for WireGuard",
              "Name": "Test-VPC-for-WireGuard-private-eu-central-1b",
              "Terraform": "true"
            },
            "vpc_id": "vpc-0b881b8aad7ab7d92"
          },
          "sensitive_attributes": [],
          "private": "bnVsbA==",
          "dependencies": [
            "module.vpc.aws_vpc.this",
            "module.vpc.aws_vpc_ipv4_cidr_block_association.this"
          ]
        }
      ]
    },
    {
      "module": "module.vpc",
      "mode": "managed",
      "type": "aws_route_table",
      "name": "public",
      "provider": "provider[\"registry.terraform.io/hashicorp/aws\"]",
      "instances": [
        {
          "index_key": 0,
          "schema_version": 0,
          "attributes": {
            "arn": "arn:aws:ec2:eu-central-1:099039928022:route-table/rtb-0a6e33ed388979143",
            "id": "rtb-0a6e33ed388979143",
            "owner_id": "099039928022",
            "propagating_vgws": [],
            "route": [
              {
                "carrier_gateway_id": "",
                "cidr_block": "0.0.0.0/0",
                "destination_prefix_list_id": "",
                "egress_only_gateway_id": "",
                "gateway_id": "igw-0a4fe23dd5ba0ab1c",
                "instance_id": "",
                "ipv6_cidr_block": "",
                "local_gateway_id": "",
                "nat_gateway_id": "",
                "network_interface_id": "",
                "transit_gateway_id": "",
                "vpc_endpoint_id": "",
                "vpc_peering_connection_id": ""
              }
            ],
            "tags": {
              "Description": "Test VPC for WireGuard",
              "Name": "Test-VPC-for-WireGuard-public",
              "Terraform": "true"
            },
            "vpc_id": "vpc-0b881b8aad7ab7d92"
          },
          "sensitive_attributes": [],
          "private": "bnVsbA==",
          "dependencies": [
            "module.vpc.aws_vpc.this",
            "module.vpc.aws_vpc_ipv4_cidr_block_association.this"
          ]
        }
      ]
    },
    {
      "module": "module.vpc",
      "mode": "managed",
      "type": "aws_route_table_association",
      "name": "private",
      "provider": "provider[\"registry.terraform.io/hashicorp/aws\"]",
      "instances": [
        {
          "index_key": 0,
          "schema_version": 0,
          "attributes": {
            "gateway_id": null,
            "id": "rtbassoc-0d2a240b515c7babe",
            "route_table_id": "rtb-0efcac8ebfe9bbc9f",
            "subnet_id": "subnet-09517ea993c4b78a8"
          },
          "sensitive_attributes": [],
          "private": "bnVsbA==",
          "dependencies": [
            "module.vpc.aws_route_table.private",
            "module.vpc.aws_subnet.private",
            "module.vpc.aws_vpc.this",
            "module.vpc.aws_vpc_ipv4_cidr_block_association.this"
          ]
        },
        {
          "index_key": 1,
          "schema_version": 0,
          "attributes": {
            "gateway_id": null,
            "id": "rtbassoc-09a61126180dc017c",
            "route_table_id": "rtb-06989cf37dcf980eb",
            "subnet_id": "subnet-056e86fff25d4eb7b"
          },
          "sensitive_attributes": [],
          "private": "bnVsbA==",
          "dependencies": [
            "module.vpc.aws_route_table.private",
            "module.vpc.aws_subnet.private",
            "module.vpc.aws_vpc.this",
            "module.vpc.aws_vpc_ipv4_cidr_block_association.this"
          ]
        }
      ]
    },
    {
      "module": "module.vpc",
      "mode": "managed",
      "type": "aws_route_table_association",
      "name": "public",
      "provider": "provider[\"registry.terraform.io/hashicorp/aws\"]",
      "instances": [
        {
          "index_key": 0,
          "schema_version": 0,
          "attributes": {
            "gateway_id": null,
            "id": "rtbassoc-088e38520511d6c10",
            "route_table_id": "rtb-0a6e33ed388979143",
            "subnet_id": "subnet-0fada901dac44c80a"
          },
          "sensitive_attributes": [],
          "private": "bnVsbA==",
          "dependencies": [
            "module.vpc.aws_route_table.public",
            "module.vpc.aws_subnet.public",
            "module.vpc.aws_vpc.this",
            "module.vpc.aws_vpc_ipv4_cidr_block_association.this"
          ]
        },
        {
          "index_key": 1,
          "schema_version": 0,
          "attributes": {
            "gateway_id": null,
            "id": "rtbassoc-0b7dfac7f0a4f7b66",
            "route_table_id": "rtb-0a6e33ed388979143",
            "subnet_id": "subnet-0556c79a3a2b3d4b3"
          },
          "sensitive_attributes": [],
          "private": "bnVsbA==",
          "dependencies": [
            "module.vpc.aws_vpc_ipv4_cidr_block_association.this",
            "module.vpc.aws_route_table.public",
            "module.vpc.aws_subnet.public",
            "module.vpc.aws_vpc.this"
          ]
        }
      ]
    },
    {
      "module": "module.vpc",
      "mode": "managed",
      "type": "aws_subnet",
      "name": "private",
      "provider": "provider[\"registry.terraform.io/hashicorp/aws\"]",
      "instances": [
        {
          "index_key": 0,
          "schema_version": 1,
          "attributes": {
            "arn": "arn:aws:ec2:eu-central-1:099039928022:subnet/subnet-09517ea993c4b78a8",
            "assign_ipv6_address_on_creation": false,
            "availability_zone": "eu-central-1a",
            "availability_zone_id": "euc1-az2",
            "cidr_block": "10.0.1.0/24",
            "customer_owned_ipv4_pool": "",
            "id": "subnet-09517ea993c4b78a8",
            "ipv6_cidr_block": "",
            "ipv6_cidr_block_association_id": "",
            "map_customer_owned_ip_on_launch": false,
            "map_public_ip_on_launch": false,
            "outpost_arn": "",
            "owner_id": "099039928022",
            "tags": {
              "Description": "Test VPC for WireGuard",
              "Name": "Test-VPC-for-WireGuard-private-eu-central-1a",
              "Terraform": "true"
            },
            "tags_all": {
              "Description": "Test VPC for WireGuard",
              "Name": "Test-VPC-for-WireGuard-private-eu-central-1a",
              "Terraform": "true"
            },
            "timeouts": null,
            "vpc_id": "vpc-0b881b8aad7ab7d92"
          },
          "sensitive_attributes": [],
          "private": "eyJlMmJmYjczMC1lY2FhLTExZTYtOGY4OC0zNDM2M2JjN2M0YzAiOnsiY3JlYXRlIjo2MDAwMDAwMDAwMDAsImRlbGV0ZSI6MTIwMDAwMDAwMDAwMH0sInNjaGVtYV92ZXJzaW9uIjoiMSJ9",
          "dependencies": [
            "module.vpc.aws_vpc.this",
            "module.vpc.aws_vpc_ipv4_cidr_block_association.this"
          ]
        },
        {
          "index_key": 1,
          "schema_version": 1,
          "attributes": {
            "arn": "arn:aws:ec2:eu-central-1:099039928022:subnet/subnet-056e86fff25d4eb7b",
            "assign_ipv6_address_on_creation": false,
            "availability_zone": "eu-central-1b",
            "availability_zone_id": "euc1-az3",
            "cidr_block": "10.0.2.0/24",
            "customer_owned_ipv4_pool": "",
            "id": "subnet-056e86fff25d4eb7b",
            "ipv6_cidr_block": "",
            "ipv6_cidr_block_association_id": "",
            "map_customer_owned_ip_on_launch": false,
            "map_public_ip_on_launch": false,
            "outpost_arn": "",
            "owner_id": "099039928022",
            "tags": {
              "Description": "Test VPC for WireGuard",
              "Name": "Test-VPC-for-WireGuard-private-eu-central-1b",
              "Terraform": "true"
            },
            "tags_all": {
              "Description": "Test VPC for WireGuard",
              "Name": "Test-VPC-for-WireGuard-private-eu-central-1b",
              "Terraform": "true"
            },
            "timeouts": null,
            "vpc_id": "vpc-0b881b8aad7ab7d92"
          },
          "sensitive_attributes": [],
          "private": "eyJlMmJmYjczMC1lY2FhLTExZTYtOGY4OC0zNDM2M2JjN2M0YzAiOnsiY3JlYXRlIjo2MDAwMDAwMDAwMDAsImRlbGV0ZSI6MTIwMDAwMDAwMDAwMH0sInNjaGVtYV92ZXJzaW9uIjoiMSJ9",
          "dependencies": [
            "module.vpc.aws_vpc.this",
            "module.vpc.aws_vpc_ipv4_cidr_block_association.this"
          ]
        }
      ]
    },
    {
      "module": "module.vpc",
      "mode": "managed",
      "type": "aws_subnet",
      "name": "public",
      "provider": "provider[\"registry.terraform.io/hashicorp/aws\"]",
      "instances": [
        {
          "index_key": 0,
          "schema_version": 1,
          "attributes": {
            "arn": "arn:aws:ec2:eu-central-1:099039928022:subnet/subnet-0fada901dac44c80a",
            "assign_ipv6_address_on_creation": false,
            "availability_zone": "eu-central-1a",
            "availability_zone_id": "euc1-az2",
            "cidr_block": "10.0.101.0/24",
            "customer_owned_ipv4_pool": "",
            "id": "subnet-0fada901dac44c80a",
            "ipv6_cidr_block": "",
            "ipv6_cidr_block_association_id": "",
            "map_customer_owned_ip_on_launch": false,
            "map_public_ip_on_launch": true,
            "outpost_arn": "",
            "owner_id": "099039928022",
            "tags": {
              "Description": "Test VPC for WireGuard",
              "Name": "Test-VPC-for-WireGuard-public-eu-central-1a",
              "Terraform": "true"
            },
            "tags_all": {
              "Description": "Test VPC for WireGuard",
              "Name": "Test-VPC-for-WireGuard-public-eu-central-1a",
              "Terraform": "true"
            },
            "timeouts": null,
            "vpc_id": "vpc-0b881b8aad7ab7d92"
          },
          "sensitive_attributes": [],
          "private": "eyJlMmJmYjczMC1lY2FhLTExZTYtOGY4OC0zNDM2M2JjN2M0YzAiOnsiY3JlYXRlIjo2MDAwMDAwMDAwMDAsImRlbGV0ZSI6MTIwMDAwMDAwMDAwMH0sInNjaGVtYV92ZXJzaW9uIjoiMSJ9",
          "dependencies": [
            "module.vpc.aws_vpc_ipv4_cidr_block_association.this",
            "module.vpc.aws_vpc.this"
          ],
          "create_before_destroy": true
        },
        {
          "index_key": 1,
          "schema_version": 1,
          "attributes": {
            "arn": "arn:aws:ec2:eu-central-1:099039928022:subnet/subnet-0556c79a3a2b3d4b3",
            "assign_ipv6_address_on_creation": false,
            "availability_zone": "eu-central-1b",
            "availability_zone_id": "euc1-az3",
            "cidr_block": "10.0.102.0/24",
            "customer_owned_ipv4_pool": "",
            "id": "subnet-0556c79a3a2b3d4b3",
            "ipv6_cidr_block": "",
            "ipv6_cidr_block_association_id": "",
            "map_customer_owned_ip_on_launch": false,
            "map_public_ip_on_launch": true,
            "outpost_arn": "",
            "owner_id": "099039928022",
            "tags": {
              "Description": "Test VPC for WireGuard",
              "Name": "Test-VPC-for-WireGuard-public-eu-central-1b",
              "Terraform": "true"
            },
            "tags_all": {
              "Description": "Test VPC for WireGuard",
              "Name": "Test-VPC-for-WireGuard-public-eu-central-1b",
              "Terraform": "true"
            },
            "timeouts": null,
            "vpc_id": "vpc-0b881b8aad7ab7d92"
          },
          "sensitive_attributes": [],
          "private": "eyJlMmJmYjczMC1lY2FhLTExZTYtOGY4OC0zNDM2M2JjN2M0YzAiOnsiY3JlYXRlIjo2MDAwMDAwMDAwMDAsImRlbGV0ZSI6MTIwMDAwMDAwMDAwMH0sInNjaGVtYV92ZXJzaW9uIjoiMSJ9",
          "dependencies": [
            "module.vpc.aws_vpc.this",
            "module.vpc.aws_vpc_ipv4_cidr_block_association.this"
          ],
          "create_before_destroy": true
        }
      ]
    },
    {
      "module": "module.vpc",
      "mode": "managed",
      "type": "aws_vpc",
      "name": "this",
      "provider": "provider[\"registry.terraform.io/hashicorp/aws\"]",
      "instances": [
        {
          "index_key": 0,
          "schema_version": 1,
          "attributes": {
            "arn": "arn:aws:ec2:eu-central-1:099039928022:vpc/vpc-0b881b8aad7ab7d92",
            "assign_generated_ipv6_cidr_block": false,
            "cidr_block": "10.0.0.0/16",
            "default_network_acl_id": "acl-0eb19dab3f14af4e9",
            "default_route_table_id": "rtb-099d945aaaaa178ab",
            "default_security_group_id": "sg-0532c3b1b5bc70779",
            "dhcp_options_id": "dopt-ea28d982",
            "enable_classiclink": null,
            "enable_classiclink_dns_support": null,
            "enable_dns_hostnames": false,
            "enable_dns_support": true,
            "id": "vpc-0b881b8aad7ab7d92",
            "instance_tenancy": "default",
            "ipv6_association_id": "",
            "ipv6_cidr_block": "",
            "main_route_table_id": "rtb-099d945aaaaa178ab",
            "owner_id": "099039928022",
            "tags": {
              "Description": "Test VPC for WireGuard",
              "Name": "Test-VPC-for-WireGuard",
              "Terraform": "true"
            },
            "tags_all": {
              "Description": "Test VPC for WireGuard",
              "Name": "Test-VPC-for-WireGuard",
              "Terraform": "true"
            }
          },
          "sensitive_attributes": [],
          "private": "eyJzY2hlbWFfdmVyc2lvbiI6IjEifQ==",
          "create_before_destroy": true
        }
      ]
    },
    {
      "module": "module.wg",
      "mode": "data",
      "type": "aws_ami",
      "name": "ami",
      "provider": "provider[\"registry.terraform.io/hashicorp/aws\"]",
      "instances": [
        {
          "schema_version": 0,
          "attributes": {
            "architecture": "x86_64",
            "arn": "arn:aws:ec2:eu-central-1::image/ami-0e4c7d981c4817239",
            "block_device_mappings": [
              {
                "device_name": "/dev/sda1",
                "ebs": {
                  "delete_on_termination": "true",
                  "encrypted": "false",
                  "iops": "0",
                  "snapshot_id": "snap-0856978de4f22730c",
                  "throughput": "0",
                  "volume_size": "8",
                  "volume_type": "gp2"
                },
                "no_device": "",
                "virtual_name": ""
              },
              {
                "device_name": "/dev/sdb",
                "ebs": {},
                "no_device": "",
                "virtual_name": "ephemeral0"
              },
              {
                "device_name": "/dev/sdc",
                "ebs": {},
                "no_device": "",
                "virtual_name": "ephemeral1"
              }
            ],
            "creation_date": "2021-05-04T00:36:32.000Z",
            "description": "Canonical, Ubuntu, 20.04 LTS, amd64 focal image build on 2021-05-03",
            "ena_support": true,
            "executable_users": null,
            "filter": [
              {
                "name": "name",
                "values": [
                  "ubuntu/images/hvm-ssd/ubuntu-focal-20.04-amd64-server-*"
                ]
              },
              {
                "name": "virtualization-type",
                "values": [
                  "hvm"
                ]
              }
            ],
            "hypervisor": "xen",
            "id": "ami-0e4c7d981c4817239",
            "image_id": "ami-0e4c7d981c4817239",
            "image_location": "099720109477/ubuntu/images/hvm-ssd/ubuntu-focal-20.04-amd64-server-20210503",
            "image_owner_alias": null,
            "image_type": "machine",
            "kernel_id": null,
            "most_recent": true,
            "name": "ubuntu/images/hvm-ssd/ubuntu-focal-20.04-amd64-server-20210503",
            "name_regex": null,
            "owner_id": "099720109477",
            "owners": [
              "099720109477"
            ],
            "platform": null,
            "platform_details": "Linux/UNIX",
            "product_codes": [],
            "public": true,
            "ramdisk_id": null,
            "root_device_name": "/dev/sda1",
            "root_device_type": "ebs",
            "root_snapshot_id": "snap-0856978de4f22730c",
            "sriov_net_support": "simple",
            "state": "available",
            "state_reason": {
              "code": "UNSET",
              "message": "UNSET"
            },
            "tags": {},
            "usage_operation": "RunInstances",
            "virtualization_type": "hvm"
          },
          "sensitive_attributes": []
        }
      ]
    },
    {
      "module": "module.wg",
      "mode": "data",
      "type": "aws_iam_policy_document",
      "name": "this",
      "provider": "provider[\"registry.terraform.io/hashicorp/aws\"]",
      "instances": [
        {
          "schema_version": 0,
          "attributes": {
            "id": "275424686",
            "json": "{\n  \"Version\": \"2012-10-17\",\n  \"Statement\": [\n    {\n      \"Sid\": \"\",\n      \"Effect\": \"Allow\",\n      \"Action\": [\n        \"ssm:GetParametersByPath\",\n        \"ssm:GetParameters\",\n        \"ssm:GetParameter\"\n      ],\n      \"Resource\": \"arn:aws:ssm:eu-central-1:099039928022:parameter/wireguard-server-upright-wildcat\"\n    }\n  ]\n}",
            "override_json": null,
            "override_policy_documents": null,
            "policy_id": null,
            "source_json": null,
            "source_policy_documents": null,
            "statement": [
              {
                "actions": [
                  "ssm:GetParameter",
                  "ssm:GetParameters",
                  "ssm:GetParametersByPath"
                ],
                "condition": [],
                "effect": "Allow",
                "not_actions": [],
                "not_principals": [],
                "not_resources": [],
                "principals": [],
                "resources": [
                  "arn:aws:ssm:eu-central-1:099039928022:parameter/wireguard-server-upright-wildcat"
                ],
                "sid": ""
              }
            ],
            "version": "2012-10-17"
          },
          "sensitive_attributes": []
        }
      ]
    },
    {
      "module": "module.wg",
      "mode": "data",
      "type": "aws_subnet",
      "name": "this",
      "provider": "provider[\"registry.terraform.io/hashicorp/aws\"]",
      "instances": [
        {
          "schema_version": 0,
          "attributes": {
            "arn": "arn:aws:ec2:eu-central-1:099039928022:subnet/subnet-0fada901dac44c80a",
            "assign_ipv6_address_on_creation": false,
            "availability_zone": "eu-central-1a",
            "availability_zone_id": "euc1-az2",
            "available_ip_address_count": 250,
            "cidr_block": "10.0.101.0/24",
            "customer_owned_ipv4_pool": "",
            "default_for_az": false,
            "filter": null,
            "id": "subnet-0fada901dac44c80a",
            "ipv6_cidr_block": null,
            "ipv6_cidr_block_association_id": null,
            "map_customer_owned_ip_on_launch": false,
            "map_public_ip_on_launch": true,
            "outpost_arn": "",
            "owner_id": "099039928022",
            "state": "available",
            "tags": {
              "Description": "Test VPC for WireGuard",
              "Name": "Test-VPC-for-WireGuard-public-eu-central-1a",
              "Terraform": "true"
            },
            "vpc_id": "vpc-0b881b8aad7ab7d92"
          },
          "sensitive_attributes": []
        }
      ]
    },
    {
      "module": "module.wg",
      "mode": "managed",
      "type": "aws_autoscaling_group",
      "name": "this",
      "provider": "provider[\"registry.terraform.io/hashicorp/aws\"]",
      "instances": [
        {
          "schema_version": 0,
          "attributes": {
            "arn": "arn:aws:autoscaling:eu-central-1:099039928022:autoScalingGroup:b08cd040-805b-41ee-bfc0-34dcddb999d3:autoScalingGroupName/tf-asg-20210426113159445500000005",
            "availability_zones": [
              "eu-central-1a"
            ],
            "capacity_rebalance": false,
            "default_cooldown": 300,
            "desired_capacity": 1,
            "enabled_metrics": [],
            "force_delete": false,
            "force_delete_warm_pool": false,
            "health_check_grace_period": 300,
            "health_check_type": "EC2",
            "id": "tf-asg-20210426113159445500000005",
            "initial_lifecycle_hook": [],
            "instance_refresh": [],
            "launch_configuration": "",
            "launch_template": [
              {
                "id": "lt-02bae6c5281071f24",
                "name": "wireguard-server-upright-wildcat20210426113157957400000003",
                "version": "5"
              }
            ],
            "load_balancers": [],
            "max_instance_lifetime": 0,
            "max_size": 1,
            "metrics_granularity": "1Minute",
            "min_elb_capacity": null,
            "min_size": 1,
            "mixed_instances_policy": [],
            "name": "tf-asg-20210426113159445500000005",
            "name_prefix": null,
            "placement_group": "",
            "protect_from_scale_in": false,
            "service_linked_role_arn": "arn:aws:iam::099039928022:role/aws-service-role/autoscaling.amazonaws.com/AWSServiceRoleForAutoScaling",
            "suspended_processes": [],
            "tag": [],
            "tags": null,
            "target_group_arns": [],
            "termination_policies": [],
            "timeouts": null,
            "vpc_zone_identifier": [],
            "wait_for_capacity_timeout": "10m",
            "wait_for_elb_capacity": null,
            "warm_pool": []
          },
          "sensitive_attributes": [],
          "private": "eyJlMmJmYjczMC1lY2FhLTExZTYtOGY4OC0zNDM2M2JjN2M0YzAiOnsiZGVsZXRlIjo2MDAwMDAwMDAwMDB9fQ==",
          "dependencies": [
            "module.wg.module.iam_assumable_role.aws_iam_role.this",
            "module.wg.module.iam_assumable_role.data.aws_iam_policy_document.assume_role_with_mfa",
            "module.key_pair.aws_key_pair.this",
            "module.vpc.aws_vpc_ipv4_cidr_block_association.this",
            "module.wg.aws_network_interface.this",
            "module.wg.data.aws_ami.ami",
            "module.wg.module.iam_assumable_role.data.aws_iam_policy_document.assume_role",
            "module.sg.aws_security_group.this",
            "module.vpc.aws_subnet.public",
            "module.wg.aws_launch_template.launch_template",
            "module.wg.aws_ssm_parameter.this",
            "module.wg.random_pet.this",
            "module.sg.aws_security_group.this_name_prefix",
            "module.vpc.aws_vpc.this",
            "module.wg.data.aws_subnet.this",
            "module.wg.module.iam_assumable_role.aws_iam_instance_profile.this",
            "wireguard_asymmetric_key.wg_key_pair"
          ],
          "create_before_destroy": true
        }
      ]
    },
    {
      "module": "module.wg",
      "mode": "managed",
      "type": "aws_eip",
      "name": "this",
      "provider": "provider[\"registry.terraform.io/hashicorp/aws\"]",
      "instances": [
        {
          "schema_version": 0,
          "attributes": {
            "allocation_id": null,
            "associate_with_private_ip": null,
            "association_id": "eipassoc-078d556faa4f94d52",
            "carrier_ip": "",
            "customer_owned_ip": "",
            "customer_owned_ipv4_pool": "",
            "domain": "vpc",
            "id": "eipalloc-2f820f17",
            "instance": "i-0ca62c8e1abcf38b4",
            "network_border_group": "eu-central-1",
            "network_interface": "eni-08e1b5c580319b780",
            "private_dns": "ip-10-0-101-138.eu-central-1.compute.internal",
            "private_ip": "10.0.101.138",
            "public_dns": "ec2-3-66-243-130.eu-central-1.compute.amazonaws.com",
            "public_ip": "3.66.243.130",
            "public_ipv4_pool": "amazon",
            "tags": {},
            "timeouts": null,
            "vpc": true
          },
          "sensitive_attributes": [],
          "private": "eyJlMmJmYjczMC1lY2FhLTExZTYtOGY4OC0zNDM2M2JjN2M0YzAiOnsiZGVsZXRlIjoxODAwMDAwMDAwMDAsInJlYWQiOjkwMDAwMDAwMDAwMCwidXBkYXRlIjozMDAwMDAwMDAwMDB9fQ==",
          "dependencies": [
            "module.sg.aws_security_group.this",
            "module.sg.aws_security_group.this_name_prefix",
            "module.vpc.aws_subnet.public",
            "module.vpc.aws_vpc.this",
            "module.vpc.aws_vpc_ipv4_cidr_block_association.this",
            "module.wg.aws_network_interface.this"
          ]
        }
      ]
    },
    {
      "module": "module.wg",
      "mode": "managed",
      "type": "aws_launch_template",
      "name": "launch_template",
      "provider": "provider[\"registry.terraform.io/hashicorp/aws\"]",
      "instances": [
        {
          "schema_version": 0,
          "attributes": {
            "arn": "arn:aws:ec2:eu-central-1:099039928022:launch-template/lt-02bae6c5281071f24",
            "block_device_mappings": [],
            "capacity_reservation_specification": [],
            "cpu_options": [],
            "credit_specification": [
              {
                "cpu_credits": "standard"
              }
            ],
            "default_version": 1,
            "description": "",
            "disable_api_termination": false,
            "ebs_optimized": "",
            "elastic_gpu_specifications": [],
            "elastic_inference_accelerator": [],
            "enclave_options": [],
            "hibernation_options": [],
            "iam_instance_profile": [
              {
                "arn": "arn:aws:iam::099039928022:instance-profile/wireguard-server-upright-wildcat",
                "name": ""
              }
            ],
            "id": "lt-02bae6c5281071f24",
            "image_id": "ami-0e4c7d981c4817239",
            "instance_initiated_shutdown_behavior": "",
            "instance_market_options": [],
            "instance_type": "t3a.micro",
            "kernel_id": "",
            "key_name": "deployer-one",
            "latest_version": 5,
            "license_specification": [],
            "metadata_options": [],
            "monitoring": [],
            "name": "wireguard-server-upright-wildcat20210426113157957400000003",
            "name_prefix": "wireguard-server-upright-wildcat",
            "network_interfaces": [
              {
                "associate_carrier_ip_address": "",
                "associate_public_ip_address": "",
                "delete_on_termination": "false",
                "description": "",
                "device_index": 0,
                "ipv4_address_count": 0,
                "ipv4_addresses": [],
                "ipv6_address_count": 0,
                "ipv6_addresses": [],
                "network_interface_id": "eni-08e1b5c580319b780",
                "private_ip_address": "",
                "security_groups": [],
                "subnet_id": ""
              }
            ],
            "placement": [],
            "ram_disk_id": "",
            "security_group_names": [],
            "tag_specifications": [
              {
                "resource_type": "instance",
                "tags": {
                  "Name": "wireguard-server-upright-wildcat"
                }
              }
            ],
            "tags": {},
            "update_default_version": null,
            "user_data": "IyEvdXNyL2Jpbi9lbnYgYmFzaAoKc2V0IC14ZXUKCiMgSW5zdGFsbCBXaXJlZ3VhcmQgYW5kIHRvb2xzCmZ1bmN0aW9uIGluc3RhbGxfcGFja2FnZXMoKSB7CiAgYXB0IHVwZGF0ZSAteSAmJiBhcHQgaW5zdGFsbCAteSBcCiAgICB3aXJlZ3VhcmQgXAogICAgd2lyZWd1YXJkLXRvb2xzIFwKICAgIHJlc29sdmNvbmYgXAogICAgYXdzY2xpIFwKICAgIGpxIFwKICAgIDsKfQoKIyBFbmFibGUgSVB2NC82IGZvcndhcmRpbmcKZnVuY3Rpb24gdHVuZV9rZXJuZWxfcGFyYW1ldGVycygpIHsKICBzZWQgLWkgJy8jbmV0LmlwdjQuaXBfZm9yd2FyZD0xL3MvXiMvL2cnIC9ldGMvc3lzY3RsLmNvbmYKICBzZWQgLWkgJy8jbmV0LmlwdjYuY29uZi5hbGwuZm9yd2FyZGluZz0xL3MvXiMvL2cnIC9ldGMvc3lzY3RsLmNvbmYKICBzZWQgLWkgJy8jbmV0LmlwdjQuY29uZi5hbGwucHJveHlfYXJwPTEvcy9eIy8vZycgL2V0Yy9zeXNjdGwuY29uZgoKICBzeXNjdGwgLXAKCnRlZSAvZXRjL3NlY3VyaXR5L2xpbWl0cy5jb25mIDw8IEVPRgoqIGhhcmQgbm9maWxlIDY0MDAwCiogc29mdCBub2ZpbGUgNjQwMDAKcm9vdCBoYXJkIG5vZmlsZSA2NDAwMApyb290IHNvZnQgbm9maWxlIDY0MDAwCkVPRgp9CgojIEdldCBwcml2YXRlIGtleSBmcm9tIFNTTQpmdW5jdGlvbiBnZXRfcHJpdmF0ZV9rZXlfZnJvbV9zc21fcGFyYW1ldGVyX3N0b3JlKCkgewogICBhd3Mgc3NtIGdldC1wYXJhbWV0ZXIgXAogICAgLS1yZWdpb24gZXUtY2VudHJhbC0xIFwKICAgIC0tbmFtZSB3aXJlZ3VhcmQtc2VydmVyLXVwcmlnaHQtd2lsZGNhdCBcCiAgICAtLXdpdGgtZGVjcnlwdGlvbiBcCiAgICAtLW91dHB1dCBqc29uIHwgXAogICBqcSAtciAnLlBhcmFtZXRlci5WYWx1ZScgfCBcCiAgIHRlZSAvZXRjL3dpcmVndWFyZC93ZzAuY29uZiAmPiAvZGV2L251bGwKfQoKIyBFbmFibGUgV2lyZWd1YXJkCmZ1bmN0aW9uIGVuYWJsZV93aXJlZ3VhcmRfc2VydmljZSgpIHsKICB3Zy1xdWljayB1cCB3ZzAKICB3ZyBzaG93CiAgc3lzdGVtY3RsIGVuYWJsZSB3Zy1xdWlja0B3ZzAKfQoKIyBDbGVhbnVwIHVzZXJkYXRhIHNjcmlwdApmdW5jdGlvbiBjbGVhbl91cCgpIHsKICAjIHJlbW92ZSB0aGlzIHNjcmlwdAogIHJtIC1mICIkMCIKfQoKdHJhcCBjbGVhbl91cCBTSUdJTlQgU0lHVEVSTSBFWElUCgojIE1haW4KZnVuY3Rpb24gbWFpbigpIHsKICBpbnN0YWxsX3BhY2thZ2VzCiAgdHVuZV9rZXJuZWxfcGFyYW1ldGVycwogIGdldF9wcml2YXRlX2tleV9mcm9tX3NzbV9wYXJhbWV0ZXJfc3RvcmUKICBlbmFibGVfd2lyZWd1YXJkX3NlcnZpY2UKfQoKbWFpbgo=",
            "vpc_security_group_ids": []
          },
          "sensitive_attributes": [],
          "private": "bnVsbA==",
          "dependencies": [
            "module.sg.aws_security_group.this",
            "module.sg.aws_security_group.this_name_prefix",
            "module.vpc.aws_vpc.this",
            "module.wg.aws_ssm_parameter.this",
            "wireguard_asymmetric_key.wg_key_pair",
            "module.key_pair.aws_key_pair.this",
            "module.vpc.aws_vpc_ipv4_cidr_block_association.this",
            "module.wg.aws_network_interface.this",
            "module.wg.random_pet.this",
            "module.vpc.aws_subnet.public",
            "module.wg.module.iam_assumable_role.aws_iam_role.this",
            "module.wg.module.iam_assumable_role.data.aws_iam_policy_document.assume_role_with_mfa",
            "module.wg.data.aws_ami.ami",
            "module.wg.module.iam_assumable_role.data.aws_iam_policy_document.assume_role",
            "module.wg.module.iam_assumable_role.aws_iam_instance_profile.this"
          ],
          "create_before_destroy": true
        }
      ]
    },
    {
      "module": "module.wg",
      "mode": "managed",
      "type": "aws_network_interface",
      "name": "this",
      "provider": "provider[\"registry.terraform.io/hashicorp/aws\"]",
      "instances": [
        {
          "schema_version": 0,
          "attributes": {
            "attachment": [
              {
                "attachment_id": "eni-attach-09d658bd1e9ad65e1",
                "device_index": 0,
                "instance": "i-0ca62c8e1abcf38b4"
              }
            ],
            "description": "",
            "id": "eni-08e1b5c580319b780",
            "ipv6_address_count": 0,
            "ipv6_addresses": [],
            "mac_address": "02:4a:23:4e:8d:66",
            "outpost_arn": "",
            "private_dns_name": "",
            "private_ip": "10.0.101.138",
            "private_ips": [
              "10.0.101.138"
            ],
            "private_ips_count": 0,
            "security_groups": [
              "sg-09463c0fa6beb9d13"
            ],
            "source_dest_check": false,
            "subnet_id": "subnet-0fada901dac44c80a",
            "tags": {}
          },
          "sensitive_attributes": [],
          "private": "bnVsbA==",
          "dependencies": [
            "module.sg.aws_security_group.this",
            "module.sg.aws_security_group.this_name_prefix",
            "module.vpc.aws_subnet.public",
            "module.vpc.aws_vpc.this",
            "module.vpc.aws_vpc_ipv4_cidr_block_association.this"
          ],
          "create_before_destroy": true
        }
      ]
    },
    {
      "module": "module.wg",
      "mode": "managed",
      "type": "aws_ssm_parameter",
      "name": "this",
      "provider": "provider[\"registry.terraform.io/hashicorp/aws\"]",
      "instances": [
        {
          "schema_version": 0,
          "attributes": {
            "allowed_pattern": "",
            "arn": "arn:aws:ssm:eu-central-1:099039928022:parameter/wireguard-server-upright-wildcat",
            "data_type": "text",
            "description": "",
            "id": "wireguard-server-upright-wildcat",
            "key_id": "alias/aws/ssm",
            "name": "wireguard-server-upright-wildcat",
            "overwrite": null,
            "tags": {},
            "tier": "Standard",
            "type": "SecureString",
            "value": "[Interface]\n# Name = wireguard server wireguard-server\nAddress = 10.0.44.1/24\nListenPort = 51820\n\n###  Two rules bellow for bounce server\n# PostUp = iptables -A FORWARD -i wg0 -j ACCEPT; iptables -t nat -A POSTROUTING -o ens5 -j MASQUERADE\n# PostDown = iptables -D FORWARD -i wg0 -j ACCEPT; iptables -t nat -D POSTROUTING -o ens5 -j MASQUERADE\n###\n\n#TODO: get rid of hardcode for interface name\n\nPreUp = aws ssm get-parameter --region eu-central-1 --name wireguard-server-upright-wildcat --with-decryption --output json | jq -r '.Parameter.Value' | tee /etc/wireguard/wg0.conf \u0026\u003e /dev/null\nPostUp = iptables -t nat -A POSTROUTING -s 10.0.44.0/24 -o ens5 -j MASQUERADE\nPostDown = iptables -t nat -D POSTROUTING -s 10.0.44.0/24 -o ens5 -j MASQUERADE\n\nPrivateKey = +CAf8QxmjoV5N3WK29GXDV1OyhbtEBadukpCoLuMzV8=\nDNS = 1.1.1.1\n\n[Peer]\n# Name = alex\nPublicKey = D9HA+Qhe/kR0nwVxId2vNSuP0SozOh3umC5PKvL3b1Y=\nAllowedIPs = 10.0.44.3/32\nPersistentKeepalive = 25\n[Peer]\n# Name = yurii\nPublicKey = dRWcZBv2++23GZ0DdoFLrXvGch4lcZ2Fj7yeaSAUB2I=\nAllowedIPs = 10.0.44.2/32\nPersistentKeepalive = 25\n",
            "version": 8
          },
          "sensitive_attributes": [
            [
              {
                "type": "get_attr",
                "value": "value"
              }
            ]
          ],
          "private": "bnVsbA==",
          "dependencies": [
            "module.wg.random_pet.this",
            "wireguard_asymmetric_key.wg_key_pair"
          ],
          "create_before_destroy": true
        }
      ]
    },
    {
      "module": "module.wg",
      "mode": "managed",
      "type": "random_pet",
      "name": "this",
      "provider": "provider[\"registry.terraform.io/hashicorp/random\"]",
      "instances": [
        {
          "schema_version": 0,
          "attributes": {
            "id": "upright-wildcat",
            "keepers": {
              "wg_private_key": "+CAf8QxmjoV5N3WK29GXDV1OyhbtEBadukpCoLuMzV8="
            },
            "length": 2,
            "prefix": null,
            "separator": "-"
          },
          "sensitive_attributes": [
            [
              {
                "type": "get_attr",
                "value": "keepers"
              },
              {
                "type": "index",
                "value": {
                  "value": "wg_private_key",
                  "type": "string"
                }
              }
            ]
          ],
          "private": "bnVsbA==",
          "dependencies": [
            "wireguard_asymmetric_key.wg_key_pair"
          ],
          "create_before_destroy": true
        }
      ]
    },
    {
      "module": "module.wg.module.iam_assumable_role",
      "mode": "data",
      "type": "aws_iam_policy_document",
      "name": "assume_role",
      "provider": "provider[\"registry.terraform.io/hashicorp/aws\"]",
      "instances": [
        {
          "schema_version": 0,
          "attributes": {
            "id": "3324195322",
            "json": "{\n  \"Version\": \"2012-10-17\",\n  \"Statement\": [\n    {\n      \"Sid\": \"\",\n      \"Effect\": \"Allow\",\n      \"Action\": \"sts:AssumeRole\",\n      \"Principal\": {\n        \"AWS\": [],\n        \"Service\": \"ec2.amazonaws.com\"\n      }\n    }\n  ]\n}",
            "override_json": null,
            "override_policy_documents": null,
            "policy_id": null,
            "source_json": null,
            "source_policy_documents": null,
            "statement": [
              {
                "actions": [
                  "sts:AssumeRole"
                ],
                "condition": [],
                "effect": "Allow",
                "not_actions": [],
                "not_principals": [],
                "not_resources": [],
                "principals": [
                  {
                    "identifiers": [
                      "ec2.amazonaws.com"
                    ],
                    "type": "Service"
                  },
                  {
                    "identifiers": [],
                    "type": "AWS"
                  }
                ],
                "resources": [],
                "sid": ""
              }
            ],
            "version": "2012-10-17"
          },
          "sensitive_attributes": []
        }
      ]
    },
    {
      "module": "module.wg.module.iam_assumable_role",
      "mode": "data",
      "type": "aws_iam_policy_document",
      "name": "assume_role_with_mfa",
      "provider": "provider[\"registry.terraform.io/hashicorp/aws\"]",
      "instances": [
        {
          "schema_version": 0,
          "attributes": {
            "id": "2531913281",
            "json": "{\n  \"Version\": \"2012-10-17\",\n  \"Statement\": [\n    {\n      \"Sid\": \"\",\n      \"Effect\": \"Allow\",\n      \"Action\": \"sts:AssumeRole\",\n      \"Principal\": {\n        \"AWS\": [],\n        \"Service\": \"ec2.amazonaws.com\"\n      },\n      \"Condition\": {\n        \"Bool\": {\n          \"aws:MultiFactorAuthPresent\": [\n            \"true\"\n          ]\n        },\n        \"NumericLessThan\": {\n          \"aws:MultiFactorAuthAge\": [\n            \"86400\"\n          ]\n        }\n      }\n    }\n  ]\n}",
            "override_json": null,
            "override_policy_documents": null,
            "policy_id": null,
            "source_json": null,
            "source_policy_documents": null,
            "statement": [
              {
                "actions": [
                  "sts:AssumeRole"
                ],
                "condition": [
                  {
                    "test": "Bool",
                    "values": [
                      "true"
                    ],
                    "variable": "aws:MultiFactorAuthPresent"
                  },
                  {
                    "test": "NumericLessThan",
                    "values": [
                      "86400"
                    ],
                    "variable": "aws:MultiFactorAuthAge"
                  }
                ],
                "effect": "Allow",
                "not_actions": [],
                "not_principals": [],
                "not_resources": [],
                "principals": [
                  {
                    "identifiers": [
                      "ec2.amazonaws.com"
                    ],
                    "type": "Service"
                  },
                  {
                    "identifiers": [],
                    "type": "AWS"
                  }
                ],
                "resources": [],
                "sid": ""
              }
            ],
            "version": "2012-10-17"
          },
          "sensitive_attributes": []
        }
      ]
    },
    {
      "module": "module.wg.module.iam_assumable_role",
      "mode": "managed",
      "type": "aws_iam_instance_profile",
      "name": "this",
      "provider": "provider[\"registry.terraform.io/hashicorp/aws\"]",
      "instances": [
        {
          "index_key": 0,
          "schema_version": 0,
          "attributes": {
            "arn": "arn:aws:iam::099039928022:instance-profile/wireguard-server-upright-wildcat",
            "create_date": "2021-04-26T11:31:11Z",
            "id": "wireguard-server-upright-wildcat",
            "name": "wireguard-server-upright-wildcat",
            "name_prefix": null,
            "path": "/",
            "role": "wireguard-server-upright-wildcat",
            "tags": {},
            "unique_id": "AIPARODZ5L3LID5UAN7DD"
          },
          "sensitive_attributes": [],
          "private": "bnVsbA==",
          "dependencies": [
            "module.wg.module.iam_assumable_role.data.aws_iam_policy_document.assume_role",
            "module.wg.module.iam_assumable_role.data.aws_iam_policy_document.assume_role_with_mfa",
            "module.wg.random_pet.this",
            "wireguard_asymmetric_key.wg_key_pair",
            "module.wg.module.iam_assumable_role.aws_iam_role.this"
          ],
          "create_before_destroy": true
        }
      ]
    },
    {
      "module": "module.wg.module.iam_assumable_role",
      "mode": "managed",
      "type": "aws_iam_role",
      "name": "this",
      "provider": "provider[\"registry.terraform.io/hashicorp/aws\"]",
      "instances": [
        {
          "index_key": 0,
          "schema_version": 0,
          "attributes": {
            "arn": "arn:aws:iam::099039928022:role/wireguard-server-upright-wildcat",
            "assume_role_policy": "{\"Version\":\"2012-10-17\",\"Statement\":[{\"Sid\":\"\",\"Effect\":\"Allow\",\"Principal\":{\"Service\":\"ec2.amazonaws.com\"},\"Action\":\"sts:AssumeRole\"}]}",
            "create_date": "2021-04-26T11:31:08Z",
            "description": "",
            "force_detach_policies": false,
            "id": "wireguard-server-upright-wildcat",
            "inline_policy": [
              {
                "name": "",
                "policy": ""
              }
            ],
            "managed_policy_arns": [
              "arn:aws:iam::099039928022:policy/wireguard-server-upright-wildcat",
              "arn:aws:iam::aws:policy/AmazonSSMManagedInstanceCore"
            ],
            "max_session_duration": 3600,
            "name": "wireguard-server-upright-wildcat",
            "name_prefix": null,
            "path": "/",
            "permissions_boundary": "",
            "tags": {},
            "unique_id": "AROARODZ5L3LLJFICF64B"
          },
          "sensitive_attributes": [],
          "private": "bnVsbA==",
          "dependencies": [
            "module.wg.module.iam_assumable_role.data.aws_iam_policy_document.assume_role",
            "module.wg.module.iam_assumable_role.data.aws_iam_policy_document.assume_role_with_mfa",
            "module.wg.random_pet.this",
            "wireguard_asymmetric_key.wg_key_pair"
          ],
          "create_before_destroy": true
        }
      ]
    },
    {
      "module": "module.wg.module.iam_assumable_role",
      "mode": "managed",
      "type": "aws_iam_role_policy_attachment",
      "name": "custom",
      "provider": "provider[\"registry.terraform.io/hashicorp/aws\"]",
      "instances": [
        {
          "index_key": 0,
          "schema_version": 0,
          "attributes": {
            "id": "wireguard-server-upright-wildcat-20210426113114268000000002",
            "policy_arn": "arn:aws:iam::099039928022:policy/wireguard-server-upright-wildcat",
            "role": "wireguard-server-upright-wildcat"
          },
          "sensitive_attributes": [],
          "private": "bnVsbA==",
          "dependencies": [
            "module.wg.module.iam_assumable_role.data.aws_iam_policy_document.assume_role_with_mfa",
            "module.wg.module.iam_policy.aws_iam_policy.policy",
            "module.wg.random_pet.this",
            "wireguard_asymmetric_key.wg_key_pair",
            "module.wg.aws_ssm_parameter.this",
            "module.wg.data.aws_iam_policy_document.this",
            "module.wg.module.iam_assumable_role.aws_iam_role.this",
            "module.wg.module.iam_assumable_role.data.aws_iam_policy_document.assume_role"
          ]
        }
      ]
    },
    {
      "module": "module.wg.module.iam_policy",
      "mode": "managed",
      "type": "aws_iam_policy",
      "name": "policy",
      "provider": "provider[\"registry.terraform.io/hashicorp/aws\"]",
      "instances": [
        {
          "schema_version": 0,
          "attributes": {
            "arn": "arn:aws:iam::099039928022:policy/wireguard-server-upright-wildcat",
            "description": "IAM policy for wireguard server - wireguard-server",
            "id": "arn:aws:iam::099039928022:policy/wireguard-server-upright-wildcat",
            "name": "wireguard-server-upright-wildcat",
            "name_prefix": null,
            "path": "/",
            "policy": "{\n  \"Version\": \"2012-10-17\",\n  \"Statement\": [\n    {\n      \"Sid\": \"\",\n      \"Effect\": \"Allow\",\n      \"Action\": [\n        \"ssm:GetParametersByPath\",\n        \"ssm:GetParameters\",\n        \"ssm:GetParameter\"\n      ],\n      \"Resource\": \"arn:aws:ssm:eu-central-1:099039928022:parameter/wireguard-server-upright-wildcat\"\n    }\n  ]\n}",
            "policy_id": "ANPARODZ5L3LPOQ2PS2GK",
            "tags": {}
          },
          "sensitive_attributes": [],
          "private": "bnVsbA==",
          "dependencies": [
            "module.wg.aws_ssm_parameter.this",
            "module.wg.data.aws_iam_policy_document.this",
            "module.wg.random_pet.this",
            "wireguard_asymmetric_key.wg_key_pair"
          ]
        }
      ]
    }
  ]
}
